
Microsoft Visual Studio Solution File, Format Version 12.00
# Visual Studio Version 16
VisualStudioVersion = 16.0.31424.327
MinimumVisualStudioVersion = 10.0.40219.1
Project("{9A19103F-16F7-4668-BE54-9A1E7A4F7556}") = "Net Diversity", "Net Diversity\Net Diversity.csproj", "{70662DEB-104D-4CEE-8168-E18B24F7B571}"
EndProject
Project("{9A19103F-16F7-4668-BE54-9A1E7A4F7556}") = "Net Diversity Library", "Net Diversity Library\Net Diversity Library.csproj", "{78E38639-7C57-4767-821A-3FB2CD9E59DF}"
EndProject
Project("{9A19103F-16F7-4668-BE54-9A1E7A4F7556}") = "Net Diversity WPF", "Net Diversity WPF\Net Diversity WPF.csproj", "{C83F73B4-DFB9-4620-82BB-C8DB2F0CCD6D}"
EndProject
Project("{FAE04EC0-301F-11D3-BF4B-00C04F79EFBC}") = "NET Diversity WPF Framework", "NET Diversity WPF Framework\NET Diversity WPF Framework.csproj", "{30099D75-C398-4EB8-911E-EA2B7DD11F95}"
EndProject
Project("{FAE04EC0-301F-11D3-BF4B-00C04F79EFBC}") = "Net Diversity Library Framework", "Net Diversity Library Framework\Net Diversity Library Framework.csproj", "{6A3AF026-22B8-4E58-9EB8-8CACF01DC761}"
EndProject
Project("{9A19103F-16F7-4668-BE54-9A1E7A4F7556}") = "HttpClient", "Http\HttpClient\HttpClient\HttpClient.csproj", "{1669DA05-293E-432B-9C56-7D511664C306}"
EndProject
Project("{9A19103F-16F7-4668-BE54-9A1E7A4F7556}") = "HttpListener", "Http\HttpListener\HttpListener\HttpListener.csproj", "{E8784DCD-BA6C-4F0F-83EA-B1625A74A8F7}"
EndProject
Project("{9A19103F-16F7-4668-BE54-9A1E7A4F7556}") = "WebAPI", "WebAPI\WebAPI\WebAPI.csproj", "{993845BB-CBE0-43D5-845C-DD1634391BA1}"
EndProject
Project("{9A19103F-16F7-4668-BE54-9A1E7A4F7556}") = "MVC", "MVC\MVC\MVC.csproj", "{CC2E69FC-CAD3-454F-B093-50B75C82D47C}"
EndProject
Project("{9A19103F-16F7-4668-BE54-9A1E7A4F7556}") = "Data", "MVC\Data\Data.csproj", "{2CCAE2F4-9EDB-4971-A02F-1C269A539295}"
EndProject
Global
	GlobalSection(SolutionConfigurationPlatforms) = preSolution
		Debug|Any CPU = Debug|Any CPU
		Release|Any CPU = Release|Any CPU
	EndGlobalSection
	GlobalSection(ProjectConfigurationPlatforms) = postSolution
		{70662DEB-104D-4CEE-8168-E18B24F7B571}.Debug|Any CPU.ActiveCfg = Debug|Any CPU
		{70662DEB-104D-4CEE-8168-E18B24F7B571}.Debug|Any CPU.Build.0 = Debug|Any CPU
		{70662DEB-104D-4CEE-8168-E18B24F7B571}.Release|Any CPU.ActiveCfg = Release|Any CPU
		{70662DEB-104D-4CEE-8168-E18B24F7B571}.Release|Any CPU.Build.0 = Release|Any CPU
		{78E38639-7C57-4767-821A-3FB2CD9E59DF}.Debug|Any CPU.ActiveCfg = Debug|Any CPU
		{78E38639-7C57-4767-821A-3FB2CD9E59DF}.Debug|Any CPU.Build.0 = Debug|Any CPU
		{78E38639-7C57-4767-821A-3FB2CD9E59DF}.Release|Any CPU.ActiveCfg = Release|Any CPU
		{78E38639-7C57-4767-821A-3FB2CD9E59DF}.Release|Any CPU.Build.0 = Release|Any CPU
		{C83F73B4-DFB9-4620-82BB-C8DB2F0CCD6D}.Debug|Any CPU.ActiveCfg = Debug|Any CPU
		{C83F73B4-DFB9-4620-82BB-C8DB2F0CCD6D}.Debug|Any CPU.Build.0 = Debug|Any CPU
		{C83F73B4-DFB9-4620-82BB-C8DB2F0CCD6D}.Release|Any CPU.ActiveCfg = Release|Any CPU
		{C83F73B4-DFB9-4620-82BB-C8DB2F0CCD6D}.Release|Any CPU.Build.0 = Release|Any CPU
		{30099D75-C398-4EB8-911E-EA2B7DD11F95}.Debug|Any CPU.ActiveCfg = Debug|Any CPU
		{30099D75-C398-4EB8-911E-EA2B7DD11F95}.Debug|Any CPU.Build.0 = Debug|Any CPU
		{30099D75-C398-4EB8-911E-EA2B7DD11F95}.Release|Any CPU.ActiveCfg = Release|Any CPU
		{30099D75-C398-4EB8-911E-EA2B7DD11F95}.Release|Any CPU.Build.0 = Release|Any CPU
		{6A3AF026-22B8-4E58-9EB8-8CACF01DC761}.Debug|Any CPU.ActiveCfg = Debug|Any CPU
		{6A3AF026-22B8-4E58-9EB8-8CACF01DC761}.Debug|Any CPU.Build.0 = Debug|Any CPU
		{6A3AF026-22B8-4E58-9EB8-8CACF01DC761}.Release|Any CPU.ActiveCfg = Release|Any CPU
		{6A3AF026-22B8-4E58-9EB8-8CACF01DC761}.Release|Any CPU.Build.0 = Release|Any CPU
		{1669DA05-293E-432B-9C56-7D511664C306}.Debug|Any CPU.ActiveCfg = Debug|Any CPU
		{1669DA05-293E-432B-9C56-7D511664C306}.Debug|Any CPU.Build.0 = Debug|Any CPU
		{1669DA05-293E-432B-9C56-7D511664C306}.Release|Any CPU.ActiveCfg = Release|Any CPU
		{1669DA05-293E-432B-9C56-7D511664C306}.Release|Any CPU.Build.0 = Release|Any CPU
		{E8784DCD-BA6C-4F0F-83EA-B1625A74A8F7}.Debug|Any CPU.ActiveCfg = Debug|Any CPU
		{E8784DCD-BA6C-4F0F-83EA-B1625A74A8F7}.Debug|Any CPU.Build.0 = Debug|Any CPU
		{E8784DCD-BA6C-4F0F-83EA-B1625A74A8F7}.Release|Any CPU.ActiveCfg = Release|Any CPU
		{E8784DCD-BA6C-4F0F-83EA-B1625A74A8F7}.Release|Any CPU.Build.0 = Release|Any CPU
		{993845BB-CBE0-43D5-845C-DD1634391BA1}.Debug|Any CPU.ActiveCfg = Debug|Any CPU
		{993845BB-CBE0-43D5-845C-DD1634391BA1}.Debug|Any CPU.Build.0 = Debug|Any CPU
		{993845BB-CBE0-43D5-845C-DD1634391BA1}.Release|Any CPU.ActiveCfg = Release|Any CPU
		{993845BB-CBE0-43D5-845C-DD1634391BA1}.Release|Any CPU.Build.0 = Release|Any CPU
		{CC2E69FC-CAD3-454F-B093-50B75C82D47C}.Debug|Any CPU.ActiveCfg = Debug|Any CPU
		{CC2E69FC-CAD3-454F-B093-50B75C82D47C}.Debug|Any CPU.Build.0 = Debug|Any CPU
		{CC2E69FC-CAD3-454F-B093-50B75C82D47C}.Release|Any CPU.ActiveCfg = Release|Any CPU
		{CC2E69FC-CAD3-454F-B093-50B75C82D47C}.Release|Any CPU.Build.0 = Release|Any CPU
		{2CCAE2F4-9EDB-4971-A02F-1C269A539295}.Debug|Any CPU.ActiveCfg = Debug|Any CPU
		{2CCAE2F4-9EDB-4971-A02F-1C269A539295}.Debug|Any CPU.Build.0 = Debug|Any CPU
		{2CCAE2F4-9EDB-4971-A02F-1C269A539295}.Release|Any CPU.ActiveCfg = Release|Any CPU
		{2CCAE2F4-9EDB-4971-A02F-1C269A539295}.Release|Any CPU.Build.0 = Release|Any CPU
	EndGlobalSection
	GlobalSection(SolutionProperties) = preSolution
		HideSolutionNode = FALSE
	EndGlobalSection
	GlobalSection(ExtensibilityGlobals) = postSolution
		SolutionGuid = {6CC83C2B-F756-4890-B4FD-8AC0F014BBA8}
	EndGlobalSection
EndGlobal
