
Microsoft Visual Studio Solution File, Format Version 12.00
# Visual Studio Version 16
VisualStudioVersion = 16.0.31911.196
MinimumVisualStudioVersion = 10.0.40219.1
Project("{FAE04EC0-301F-11D3-BF4B-00C04F79EFBC}") = "Bank", "Bank\Bank.csproj", "{67144051-797B-4594-B3DD-824A74FD3EDA}"
EndProject
Project("{FAE04EC0-301F-11D3-BF4B-00C04F79EFBC}") = "BankTests", "BankTests\BankTests.csproj", "{BFBC9AD2-03BB-478C-8A40-D0D6AA006F06}"
EndProject
Project("{FAE04EC0-301F-11D3-BF4B-00C04F79EFBC}") = "UnitTestProject1", "UnitTestProject1\UnitTestProject1.csproj", "{B0FA64DF-8920-47A5-BB44-9046199CC079}"
EndProject
Global
	GlobalSection(SolutionConfigurationPlatforms) = preSolution
		Debug|Any CPU = Debug|Any CPU
		Release|Any CPU = Release|Any CPU
	EndGlobalSection
	GlobalSection(ProjectConfigurationPlatforms) = postSolution
		{67144051-797B-4594-B3DD-824A74FD3EDA}.Debug|Any CPU.ActiveCfg = Debug|Any CPU
		{67144051-797B-4594-B3DD-824A74FD3EDA}.Debug|Any CPU.Build.0 = Debug|Any CPU
		{67144051-797B-4594-B3DD-824A74FD3EDA}.Release|Any CPU.ActiveCfg = Release|Any CPU
		{67144051-797B-4594-B3DD-824A74FD3EDA}.Release|Any CPU.Build.0 = Release|Any CPU
		{BFBC9AD2-03BB-478C-8A40-D0D6AA006F06}.Debug|Any CPU.ActiveCfg = Debug|Any CPU
		{BFBC9AD2-03BB-478C-8A40-D0D6AA006F06}.Debug|Any CPU.Build.0 = Debug|Any CPU
		{BFBC9AD2-03BB-478C-8A40-D0D6AA006F06}.Release|Any CPU.ActiveCfg = Release|Any CPU
		{BFBC9AD2-03BB-478C-8A40-D0D6AA006F06}.Release|Any CPU.Build.0 = Release|Any CPU
		{B0FA64DF-8920-47A5-BB44-9046199CC079}.Debug|Any CPU.ActiveCfg = Debug|Any CPU
		{B0FA64DF-8920-47A5-BB44-9046199CC079}.Debug|Any CPU.Build.0 = Debug|Any CPU
		{B0FA64DF-8920-47A5-BB44-9046199CC079}.Release|Any CPU.ActiveCfg = Release|Any CPU
		{B0FA64DF-8920-47A5-BB44-9046199CC079}.Release|Any CPU.Build.0 = Release|Any CPU
	EndGlobalSection
	GlobalSection(SolutionProperties) = preSolution
		HideSolutionNode = FALSE
	EndGlobalSection
	GlobalSection(ExtensibilityGlobals) = postSolution
		SolutionGuid = {C1D9D114-E340-4004-950C-BD7B3D0F4BE3}
	EndGlobalSection
EndGlobal
